
Microsoft Visual Studio Solution File, Format Version 9.00
# Visual Studio 2005
Project("{8BC9CEB8-8B4A-11D0-8D11-00A0C91BC942}") = "Scene", "Scene\Scene.vcproj", "{4535CA17-AEB2-4631-A4CC-701DC7E28A03}"
EndProject
Project("{8BC9CEB8-8B4A-11D0-8D11-00A0C91BC942}") = "Window", "Window\Window.vcproj", "{9A8D762C-8F48-465F-8182-A9702D72B599}"
EndProject
Project("{8BC9CEB8-8B4A-11D0-8D11-00A0C91BC942}") = "Input", "Input\Input.vcproj", "{54749CA0-C711-4AFC-8987-ACA8CB3DFD30}"
EndProject
Project("{8BC9CEB8-8B4A-11D0-8D11-00A0C91BC942}") = "Util", "Util\Util.vcproj", "{1CF0499F-A9B8-43C1-B4AE-E50AF0585615}"
EndProject
Project("{8BC9CEB8-8B4A-11D0-8D11-00A0C91BC942}") = "Math", "Math\Math.vcproj", "{0C6A3083-32E3-4B13-86BE-9ECBC6A95FFA}"
EndProject
Project("{8BC9CEB8-8B4A-11D0-8D11-00A0C91BC942}") = "GUI", "GUI\GUI.vcproj", "{F53FC2C3-1F6A-426D-A1FE-E43E14B5C383}"
EndProject
Project("{8BC9CEB8-8B4A-11D0-8D11-00A0C91BC942}") = "Development", "Development\Development.vcproj", "{15E1F5B9-95A8-41E4-BE60-A2913694E0D5}"
	ProjectSection(ProjectDependencies) = postProject
		{0C0EBC06-7FF3-4028-A2DD-374F98E88D2E} = {0C0EBC06-7FF3-4028-A2DD-374F98E88D2E}
		{4535CA17-AEB2-4631-A4CC-701DC7E28A03} = {4535CA17-AEB2-4631-A4CC-701DC7E28A03}
		{9A8D762C-8F48-465F-8182-A9702D72B599} = {9A8D762C-8F48-465F-8182-A9702D72B599}
		{65EFD836-0E60-47E0-8786-C3A8161C4267} = {65EFD836-0E60-47E0-8786-C3A8161C4267}
		{C8C33E7F-EC4E-4499-87FC-0F8A3D9850BA} = {C8C33E7F-EC4E-4499-87FC-0F8A3D9850BA}
		{0C6A3083-32E3-4B13-86BE-9ECBC6A95FFA} = {0C6A3083-32E3-4B13-86BE-9ECBC6A95FFA}
		{1CF0499F-A9B8-43C1-B4AE-E50AF0585615} = {1CF0499F-A9B8-43C1-B4AE-E50AF0585615}
		{54749CA0-C711-4AFC-8987-ACA8CB3DFD30} = {54749CA0-C711-4AFC-8987-ACA8CB3DFD30}
		{F53FC2C3-1F6A-426D-A1FE-E43E14B5C383} = {F53FC2C3-1F6A-426D-A1FE-E43E14B5C383}
	EndProjectSection
EndProject
Project("{8BC9CEB8-8B4A-11D0-8D11-00A0C91BC942}") = "Renderer", "Renderer\Renderer.vcproj", "{65EFD836-0E60-47E0-8786-C3A8161C4267}"
EndProject
Project("{8BC9CEB8-8B4A-11D0-8D11-00A0C91BC942}") = "Resources", "Resources\Resources.vcproj", "{C8C33E7F-EC4E-4499-87FC-0F8A3D9850BA}"
EndProject
Project("{8BC9CEB8-8B4A-11D0-8D11-00A0C91BC942}") = "Core", "Core\Core.vcproj", "{0C0EBC06-7FF3-4028-A2DD-374F98E88D2E}"
EndProject
Global
	GlobalSection(SolutionConfigurationPlatforms) = preSolution
		Debug|Win32 = Debug|Win32
		Release|Win32 = Release|Win32
	EndGlobalSection
	GlobalSection(ProjectConfigurationPlatforms) = postSolution
		{4535CA17-AEB2-4631-A4CC-701DC7E28A03}.Debug|Win32.ActiveCfg = Debug|Win32
		{4535CA17-AEB2-4631-A4CC-701DC7E28A03}.Debug|Win32.Build.0 = Debug|Win32
		{4535CA17-AEB2-4631-A4CC-701DC7E28A03}.Release|Win32.ActiveCfg = Release|Win32
		{4535CA17-AEB2-4631-A4CC-701DC7E28A03}.Release|Win32.Build.0 = Release|Win32
		{9A8D762C-8F48-465F-8182-A9702D72B599}.Debug|Win32.ActiveCfg = Debug|Win32
		{9A8D762C-8F48-465F-8182-A9702D72B599}.Debug|Win32.Build.0 = Debug|Win32
		{9A8D762C-8F48-465F-8182-A9702D72B599}.Release|Win32.ActiveCfg = Release|Win32
		{9A8D762C-8F48-465F-8182-A9702D72B599}.Release|Win32.Build.0 = Release|Win32
		{54749CA0-C711-4AFC-8987-ACA8CB3DFD30}.Debug|Win32.ActiveCfg = Debug|Win32
		{54749CA0-C711-4AFC-8987-ACA8CB3DFD30}.Debug|Win32.Build.0 = Debug|Win32
		{54749CA0-C711-4AFC-8987-ACA8CB3DFD30}.Release|Win32.ActiveCfg = Release|Win32
		{54749CA0-C711-4AFC-8987-ACA8CB3DFD30}.Release|Win32.Build.0 = Release|Win32
		{1CF0499F-A9B8-43C1-B4AE-E50AF0585615}.Debug|Win32.ActiveCfg = Debug|Win32
		{1CF0499F-A9B8-43C1-B4AE-E50AF0585615}.Debug|Win32.Build.0 = Debug|Win32
		{1CF0499F-A9B8-43C1-B4AE-E50AF0585615}.Release|Win32.ActiveCfg = Release|Win32
		{1CF0499F-A9B8-43C1-B4AE-E50AF0585615}.Release|Win32.Build.0 = Release|Win32
		{0C6A3083-32E3-4B13-86BE-9ECBC6A95FFA}.Debug|Win32.ActiveCfg = Debug|Win32
		{0C6A3083-32E3-4B13-86BE-9ECBC6A95FFA}.Debug|Win32.Build.0 = Debug|Win32
		{0C6A3083-32E3-4B13-86BE-9ECBC6A95FFA}.Release|Win32.ActiveCfg = Release|Win32
		{0C6A3083-32E3-4B13-86BE-9ECBC6A95FFA}.Release|Win32.Build.0 = Release|Win32
		{F53FC2C3-1F6A-426D-A1FE-E43E14B5C383}.Debug|Win32.ActiveCfg = Debug|Win32
		{F53FC2C3-1F6A-426D-A1FE-E43E14B5C383}.Debug|Win32.Build.0 = Debug|Win32
		{F53FC2C3-1F6A-426D-A1FE-E43E14B5C383}.Release|Win32.ActiveCfg = Release|Win32
		{F53FC2C3-1F6A-426D-A1FE-E43E14B5C383}.Release|Win32.Build.0 = Release|Win32
		{15E1F5B9-95A8-41E4-BE60-A2913694E0D5}.Debug|Win32.ActiveCfg = Debug|Win32
		{15E1F5B9-95A8-41E4-BE60-A2913694E0D5}.Debug|Win32.Build.0 = Debug|Win32
		{15E1F5B9-95A8-41E4-BE60-A2913694E0D5}.Release|Win32.ActiveCfg = Release|Win32
		{15E1F5B9-95A8-41E4-BE60-A2913694E0D5}.Release|Win32.Build.0 = Release|Win32
		{65EFD836-0E60-47E0-8786-C3A8161C4267}.Debug|Win32.ActiveCfg = Debug|Win32
		{65EFD836-0E60-47E0-8786-C3A8161C4267}.Debug|Win32.Build.0 = Debug|Win32
		{65EFD836-0E60-47E0-8786-C3A8161C4267}.Release|Win32.ActiveCfg = Release|Win32
		{65EFD836-0E60-47E0-8786-C3A8161C4267}.Release|Win32.Build.0 = Release|Win32
		{C8C33E7F-EC4E-4499-87FC-0F8A3D9850BA}.Debug|Win32.ActiveCfg = Debug|Win32
		{C8C33E7F-EC4E-4499-87FC-0F8A3D9850BA}.Debug|Win32.Build.0 = Debug|Win32
		{C8C33E7F-EC4E-4499-87FC-0F8A3D9850BA}.Release|Win32.ActiveCfg = Release|Win32
		{C8C33E7F-EC4E-4499-87FC-0F8A3D9850BA}.Release|Win32.Build.0 = Release|Win32
		{0C0EBC06-7FF3-4028-A2DD-374F98E88D2E}.Debug|Win32.ActiveCfg = Debug|Win32
		{0C0EBC06-7FF3-4028-A2DD-374F98E88D2E}.Debug|Win32.Build.0 = Debug|Win32
		{0C0EBC06-7FF3-4028-A2DD-374F98E88D2E}.Release|Win32.ActiveCfg = Release|Win32
		{0C0EBC06-7FF3-4028-A2DD-374F98E88D2E}.Release|Win32.Build.0 = Release|Win32
	EndGlobalSection
	GlobalSection(SolutionProperties) = preSolution
		HideSolutionNode = FALSE
	EndGlobalSection
EndGlobal
